// !$*UTF8*$!
{
	archiveVersion = 1;
	classes = {
	};
	objectVersion = 46;
	objects = {

/* Begin PBXBuildFile section */
		3F4602BD1D61211600E1CDB5 /* ParseConstants.swift in Sources */ = {isa = PBXBuildFile; fileRef = 3F4602BC1D61211600E1CDB5 /* ParseConstants.swift */; };
		3F4602BF1D61215200E1CDB5 /* ParseClient.swift in Sources */ = {isa = PBXBuildFile; fileRef = 3F4602BE1D61215200E1CDB5 /* ParseClient.swift */; };
		3F4602C11D612CF100E1CDB5 /* StudentLocationTableViewController.swift in Sources */ = {isa = PBXBuildFile; fileRef = 3F4602C01D612CF100E1CDB5 /* StudentLocationTableViewController.swift */; };
		3F4602C31D613C3000E1CDB5 /* StudentInformation.swift in Sources */ = {isa = PBXBuildFile; fileRef = 3F4602C21D613C3000E1CDB5 /* StudentInformation.swift */; };
		3F4602C61D619C6900E1CDB5 /* StudentLocationTableViewCell.swift in Sources */ = {isa = PBXBuildFile; fileRef = 3F4602C51D619C6900E1CDB5 /* StudentLocationTableViewCell.swift */; };
		3F603F6F1D5AD5BE00661C61 /* StudentLocationTabBarController.swift in Sources */ = {isa = PBXBuildFile; fileRef = 3F603F6E1D5AD5BE00661C61 /* StudentLocationTabBarController.swift */; };
		3F67BE731D330F6300BCDED5 /* AppDelegate.swift in Sources */ = {isa = PBXBuildFile; fileRef = 3F67BE721D330F6300BCDED5 /* AppDelegate.swift */; };
		3F67BE751D330F6300BCDED5 /* ViewController.swift in Sources */ = {isa = PBXBuildFile; fileRef = 3F67BE741D330F6300BCDED5 /* ViewController.swift */; };
		3F67BE781D330F6300BCDED5 /* Main.storyboard in Resources */ = {isa = PBXBuildFile; fileRef = 3F67BE761D330F6300BCDED5 /* Main.storyboard */; };
		3F67BE7A1D330F6300BCDED5 /* Assets.xcassets in Resources */ = {isa = PBXBuildFile; fileRef = 3F67BE791D330F6300BCDED5 /* Assets.xcassets */; };
		3F67BE7D1D330F6300BCDED5 /* LaunchScreen.storyboard in Resources */ = {isa = PBXBuildFile; fileRef = 3F67BE7B1D330F6300BCDED5 /* LaunchScreen.storyboard */; };
		3F67BE881D34A73500BCDED5 /* UdacityClient.swift in Sources */ = {isa = PBXBuildFile; fileRef = 3F67BE871D34A73500BCDED5 /* UdacityClient.swift */; };
		3F67BE8A1D34A77300BCDED5 /* UdacityConstants.swift in Sources */ = {isa = PBXBuildFile; fileRef = 3F67BE891D34A77300BCDED5 /* UdacityConstants.swift */; };
		3F67EA641D57DF000095DA85 /* GCDBlackBox.swift in Sources */ = {isa = PBXBuildFile; fileRef = 3F67EA631D57DF000095DA85 /* GCDBlackBox.swift */; };
/* End PBXBuildFile section */

/* Begin PBXFileReference section */
		3F4602BC1D61211600E1CDB5 /* ParseConstants.swift */ = {isa = PBXFileReference; fileEncoding = 4; lastKnownFileType = sourcecode.swift; path = ParseConstants.swift; sourceTree = "<group>"; };
		3F4602BE1D61215200E1CDB5 /* ParseClient.swift */ = {isa = PBXFileReference; fileEncoding = 4; lastKnownFileType = sourcecode.swift; path = ParseClient.swift; sourceTree = "<group>"; };
		3F4602C01D612CF100E1CDB5 /* StudentLocationTableViewController.swift */ = {isa = PBXFileReference; fileEncoding = 4; lastKnownFileType = sourcecode.swift; path = StudentLocationTableViewController.swift; sourceTree = "<group>"; };
		3F4602C21D613C3000E1CDB5 /* StudentInformation.swift */ = {isa = PBXFileReference; fileEncoding = 4; lastKnownFileType = sourcecode.swift; path = StudentInformation.swift; sourceTree = "<group>"; };
		3F4602C51D619C6900E1CDB5 /* StudentLocationTableViewCell.swift */ = {isa = PBXFileReference; fileEncoding = 4; lastKnownFileType = sourcecode.swift; path = StudentLocationTableViewCell.swift; sourceTree = "<group>"; };
		3F603F6E1D5AD5BE00661C61 /* StudentLocationTabBarController.swift */ = {isa = PBXFileReference; fileEncoding = 4; lastKnownFileType = sourcecode.swift; path = StudentLocationTabBarController.swift; sourceTree = "<group>"; };
		3F67BE6F1D330F6200BCDED5 /* On the Map.app */ = {isa = PBXFileReference; explicitFileType = wrapper.application; includeInIndex = 0; path = "On the Map.app"; sourceTree = BUILT_PRODUCTS_DIR; };
		3F67BE721D330F6300BCDED5 /* AppDelegate.swift */ = {isa = PBXFileReference; lastKnownFileType = sourcecode.swift; path = AppDelegate.swift; sourceTree = "<group>"; };
		3F67BE741D330F6300BCDED5 /* ViewController.swift */ = {isa = PBXFileReference; lastKnownFileType = sourcecode.swift; path = ViewController.swift; sourceTree = "<group>"; };
		3F67BE771D330F6300BCDED5 /* Base */ = {isa = PBXFileReference; lastKnownFileType = file.storyboard; name = Base; path = Base.lproj/Main.storyboard; sourceTree = "<group>"; };
		3F67BE791D330F6300BCDED5 /* Assets.xcassets */ = {isa = PBXFileReference; lastKnownFileType = folder.assetcatalog; path = Assets.xcassets; sourceTree = "<group>"; };
		3F67BE7C1D330F6300BCDED5 /* Base */ = {isa = PBXFileReference; lastKnownFileType = file.storyboard; name = Base; path = Base.lproj/LaunchScreen.storyboard; sourceTree = "<group>"; };
		3F67BE7E1D330F6300BCDED5 /* Info.plist */ = {isa = PBXFileReference; lastKnownFileType = text.plist.xml; path = Info.plist; sourceTree = "<group>"; };
		3F67BE871D34A73500BCDED5 /* UdacityClient.swift */ = {isa = PBXFileReference; fileEncoding = 4; lastKnownFileType = sourcecode.swift; path = UdacityClient.swift; sourceTree = "<group>"; };
		3F67BE891D34A77300BCDED5 /* UdacityConstants.swift */ = {isa = PBXFileReference; fileEncoding = 4; lastKnownFileType = sourcecode.swift; path = UdacityConstants.swift; sourceTree = "<group>"; };
		3F67EA631D57DF000095DA85 /* GCDBlackBox.swift */ = {isa = PBXFileReference; fileEncoding = 4; lastKnownFileType = sourcecode.swift; path = GCDBlackBox.swift; sourceTree = "<group>"; };
/* End PBXFileReference section */

/* Begin PBXFrameworksBuildPhase section */
		3F67BE6C1D330F6200BCDED5 /* Frameworks */ = {
			isa = PBXFrameworksBuildPhase;
			buildActionMask = 2147483647;
			files = (
			);
			runOnlyForDeploymentPostprocessing = 0;
		};
/* End PBXFrameworksBuildPhase section */

/* Begin PBXGroup section */
		3F4602BB1D6120FF00E1CDB5 /* Parse */ = {
			isa = PBXGroup;
			children = (
				3F4602BC1D61211600E1CDB5 /* ParseConstants.swift */,
				3F4602BE1D61215200E1CDB5 /* ParseClient.swift */,
				3F4602C21D613C3000E1CDB5 /* StudentInformation.swift */,
			);
			name = Parse;
			sourceTree = "<group>";
		};
		3F4602C41D619C4800E1CDB5 /* View */ = {
			isa = PBXGroup;
			children = (
				3F4602C51D619C6900E1CDB5 /* StudentLocationTableViewCell.swift */,
			);
			name = View;
			sourceTree = "<group>";
		};
		3F603F6D1D5AD44200661C61 /* Controller */ = {
			isa = PBXGroup;
			children = (
				3F67BE741D330F6300BCDED5 /* ViewController.swift */,
				3F603F6E1D5AD5BE00661C61 /* StudentLocationTabBarController.swift */,
				3F4602C01D612CF100E1CDB5 /* StudentLocationTableViewController.swift */,
			);
			name = Controller;
			sourceTree = "<group>";
		};
		3F67BE661D330F6200BCDED5 = {
			isa = PBXGroup;
			children = (
				3F67BE711D330F6300BCDED5 /* On the Map */,
				3F67BE701D330F6200BCDED5 /* Products */,
			);
			sourceTree = "<group>";
		};
		3F67BE701D330F6200BCDED5 /* Products */ = {
			isa = PBXGroup;
			children = (
				3F67BE6F1D330F6200BCDED5 /* On the Map.app */,
			);
			name = Products;
			sourceTree = "<group>";
		};
		3F67BE711D330F6300BCDED5 /* On the Map */ = {
			isa = PBXGroup;
			children = (
				3F4602C41D619C4800E1CDB5 /* View */,
				3F67EA621D57DED10095DA85 /* Utilities */,
				3F603F6D1D5AD44200661C61 /* Controller */,
				3F67BE841D34A6F600BCDED5 /* Model */,
				3F67BE721D330F6300BCDED5 /* AppDelegate.swift */,
				3F67BE761D330F6300BCDED5 /* Main.storyboard */,
				3F67BE791D330F6300BCDED5 /* Assets.xcassets */,
				3F67BE7B1D330F6300BCDED5 /* LaunchScreen.storyboard */,
				3F67BE7E1D330F6300BCDED5 /* Info.plist */,
			);
			path = "On the Map";
			sourceTree = "<group>";
		};
		3F67BE841D34A6F600BCDED5 /* Model */ = {
			isa = PBXGroup;
			children = (
				3F67BE851D34A70100BCDED5 /* Clients */,
			);
			name = Model;
			sourceTree = "<group>";
		};
		3F67BE851D34A70100BCDED5 /* Clients */ = {
			isa = PBXGroup;
			children = (
				3F4602BB1D6120FF00E1CDB5 /* Parse */,
				3F67BE861D34A70B00BCDED5 /* Udacity */,
			);
			name = Clients;
			sourceTree = "<group>";
		};
		3F67BE861D34A70B00BCDED5 /* Udacity */ = {
			isa = PBXGroup;
			children = (
				3F67BE871D34A73500BCDED5 /* UdacityClient.swift */,
				3F67BE891D34A77300BCDED5 /* UdacityConstants.swift */,
			);
			name = Udacity;
			sourceTree = "<group>";
		};
		3F67EA621D57DED10095DA85 /* Utilities */ = {
			isa = PBXGroup;
			children = (
				3F67EA631D57DF000095DA85 /* GCDBlackBox.swift */,
			);
			name = Utilities;
			sourceTree = "<group>";
		};
/* End PBXGroup section */

/* Begin PBXNativeTarget section */
		3F67BE6E1D330F6200BCDED5 /* On the Map */ = {
			isa = PBXNativeTarget;
			buildConfigurationList = 3F67BE811D330F6300BCDED5 /* Build configuration list for PBXNativeTarget "On the Map" */;
			buildPhases = (
				3F67BE6B1D330F6200BCDED5 /* Sources */,
				3F67BE6C1D330F6200BCDED5 /* Frameworks */,
				3F67BE6D1D330F6200BCDED5 /* Resources */,
			);
			buildRules = (
			);
			dependencies = (
			);
			name = "On the Map";
			productName = "On the Map";
			productReference = 3F67BE6F1D330F6200BCDED5 /* On the Map.app */;
			productType = "com.apple.product-type.application";
		};
/* End PBXNativeTarget section */

/* Begin PBXProject section */
		3F67BE671D330F6200BCDED5 /* Project object */ = {
			isa = PBXProject;
			attributes = {
				LastSwiftUpdateCheck = 0730;
				LastUpgradeCheck = 0730;
				ORGANIZATIONNAME = RodCo;
				TargetAttributes = {
					3F67BE6E1D330F6200BCDED5 = {
						CreatedOnToolsVersion = 7.3.1;
					};
				};
			};
			buildConfigurationList = 3F67BE6A1D330F6200BCDED5 /* Build configuration list for PBXProject "On the Map" */;
			compatibilityVersion = "Xcode 3.2";
			developmentRegion = English;
			hasScannedForEncodings = 0;
			knownRegions = (
				en,
				Base,
			);
			mainGroup = 3F67BE661D330F6200BCDED5;
			productRefGroup = 3F67BE701D330F6200BCDED5 /* Products */;
			projectDirPath = "";
			projectRoot = "";
			targets = (
				3F67BE6E1D330F6200BCDED5 /* On the Map */,
			);
		};
/* End PBXProject section */

/* Begin PBXResourcesBuildPhase section */
		3F67BE6D1D330F6200BCDED5 /* Resources */ = {
			isa = PBXResourcesBuildPhase;
			buildActionMask = 2147483647;
			files = (
				3F67BE7D1D330F6300BCDED5 /* LaunchScreen.storyboard in Resources */,
				3F67BE7A1D330F6300BCDED5 /* Assets.xcassets in Resources */,
				3F67BE781D330F6300BCDED5 /* Main.storyboard in Resources */,
			);
			runOnlyForDeploymentPostprocessing = 0;
		};
/* End PBXResourcesBuildPhase section */

/* Begin PBXSourcesBuildPhase section */
		3F67BE6B1D330F6200BCDED5 /* Sources */ = {
			isa = PBXSourcesBuildPhase;
			buildActionMask = 2147483647;
			files = (
				3F67BE751D330F6300BCDED5 /* ViewController.swift in Sources */,
				3F67BE8A1D34A77300BCDED5 /* UdacityConstants.swift in Sources */,
				3F4602C61D619C6900E1CDB5 /* StudentLocationTableViewCell.swift in Sources */,
				3F67BE731D330F6300BCDED5 /* AppDelegate.swift in Sources */,
				3F4602C11D612CF100E1CDB5 /* StudentLocationTableViewController.swift in Sources */,
				3F67BE881D34A73500BCDED5 /* UdacityClient.swift in Sources */,
				3F603F6F1D5AD5BE00661C61 /* StudentLocationTabBarController.swift in Sources */,
				3F67EA641D57DF000095DA85 /* GCDBlackBox.swift in Sources */,
				3F4602BF1D61215200E1CDB5 /* ParseClient.swift in Sources */,
				3F4602C31D613C3000E1CDB5 /* StudentInformation.swift in Sources */,
				3F4602BD1D61211600E1CDB5 /* ParseConstants.swift in Sources */,
			);
			runOnlyForDeploymentPostprocessing = 0;
		};
/* End PBXSourcesBuildPhase section */

/* Begin PBXVariantGroup section */
		3F67BE761D330F6300BCDED5 /* Main.storyboard */ = {
			isa = PBXVariantGroup;
			children = (
				3F67BE771D330F6300BCDED5 /* Base */,
			);
			name = Main.storyboard;
			sourceTree = "<group>";
		};
		3F67BE7B1D330F6300BCDED5 /* LaunchScreen.storyboard */ = {
			isa = PBXVariantGroup;
			children = (
				3F67BE7C1D330F6300BCDED5 /* Base */,
			);
			name = LaunchScreen.storyboard;
			sourceTree = "<group>";
		};
/* End PBXVariantGroup section */

/* Begin XCBuildConfiguration section */
		3F67BE7F1D330F6300BCDED5 /* Debug */ = {
			isa = XCBuildConfiguration;
			buildSettings = {
				ALWAYS_SEARCH_USER_PATHS = NO;
				CLANG_ANALYZER_NONNULL = YES;
				CLANG_CXX_LANGUAGE_STANDARD = "gnu++0x";
				CLANG_CXX_LIBRARY = "libc++";
				CLANG_ENABLE_MODULES = YES;
				CLANG_ENABLE_OBJC_ARC = YES;
				CLANG_WARN_BOOL_CONVERSION = YES;
				CLANG_WARN_CONSTANT_CONVERSION = YES;
				CLANG_WARN_DIRECT_OBJC_ISA_USAGE = YES_ERROR;
				CLANG_WARN_EMPTY_BODY = YES;
				CLANG_WARN_ENUM_CONVERSION = YES;
				CLANG_WARN_INT_CONVERSION = YES;
				CLANG_WARN_OBJC_ROOT_CLASS = YES_ERROR;
				CLANG_WARN_UNREACHABLE_CODE = YES;
				CLANG_WARN__DUPLICATE_METHOD_MATCH = YES;
				"CODE_SIGN_IDENTITY[sdk=iphoneos*]" = "iPhone Developer";
				COPY_PHASE_STRIP = NO;
				DEBUG_INFORMATION_FORMAT = dwarf;
				ENABLE_STRICT_OBJC_MSGSEND = YES;
				ENABLE_TESTABILITY = YES;
				GCC_C_LANGUAGE_STANDARD = gnu99;
				GCC_DYNAMIC_NO_PIC = NO;
				GCC_NO_COMMON_BLOCKS = YES;
				GCC_OPTIMIZATION_LEVEL = 0;
				GCC_PREPROCESSOR_DEFINITIONS = (
					"DEBUG=1",
					"$(inherited)",
				);
				GCC_WARN_64_TO_32_BIT_CONVERSION = YES;
				GCC_WARN_ABOUT_RETURN_TYPE = YES_ERROR;
				GCC_WARN_UNDECLARED_SELECTOR = YES;
				GCC_WARN_UNINITIALIZED_AUTOS = YES_AGGRESSIVE;
				GCC_WARN_UNUSED_FUNCTION = YES;
				GCC_WARN_UNUSED_VARIABLE = YES;
				IPHONEOS_DEPLOYMENT_TARGET = 9.3;
				MTL_ENABLE_DEBUG_INFO = YES;
				ONLY_ACTIVE_ARCH = YES;
				SDKROOT = iphoneos;
				SWIFT_OPTIMIZATION_LEVEL = "-Onone";
			};
			name = Debug;
		};
		3F67BE801D330F6300BCDED5 /* Release */ = {
			isa = XCBuildConfiguration;
			buildSettings = {
				ALWAYS_SEARCH_USER_PATHS = NO;
				CLANG_ANALYZER_NONNULL = YES;
				CLANG_CXX_LANGUAGE_STANDARD = "gnu++0x";
				CLANG_CXX_LIBRARY = "libc++";
				CLANG_ENABLE_MODULES = YES;
				CLANG_ENABLE_OBJC_ARC = YES;
				CLANG_WARN_BOOL_CONVERSION = YES;
				CLANG_WARN_CONSTANT_CONVERSION = YES;
				CLANG_WARN_DIRECT_OBJC_ISA_USAGE = YES_ERROR;
				CLANG_WARN_EMPTY_BODY = YES;
				CLANG_WARN_ENUM_CONVERSION = YES;
				CLANG_WARN_INT_CONVERSION = YES;
				CLANG_WARN_OBJC_ROOT_CLASS = YES_ERROR;
				CLANG_WARN_UNREACHABLE_CODE = YES;
				CLANG_WARN__DUPLICATE_METHOD_MATCH = YES;
				"CODE_SIGN_IDENTITY[sdk=iphoneos*]" = "iPhone Developer";
				COPY_PHASE_STRIP = NO;
				DEBUG_INFORMATION_FORMAT = "dwarf-with-dsym";
				ENABLE_NS_ASSERTIONS = NO;
				ENABLE_STRICT_OBJC_MSGSEND = YES;
				GCC_C_LANGUAGE_STANDARD = gnu99;
				GCC_NO_COMMON_BLOCKS = YES;
				GCC_WARN_64_TO_32_BIT_CONVERSION = YES;
				GCC_WARN_ABOUT_RETURN_TYPE = YES_ERROR;
				GCC_WARN_UNDECLARED_SELECTOR = YES;
				GCC_WARN_UNINITIALIZED_AUTOS = YES_AGGRESSIVE;
				GCC_WARN_UNUSED_FUNCTION = YES;
				GCC_WARN_UNUSED_VARIABLE = YES;
				IPHONEOS_DEPLOYMENT_TARGET = 9.3;
				MTL_ENABLE_DEBUG_INFO = NO;
				SDKROOT = iphoneos;
				VALIDATE_PRODUCT = YES;
			};
			name = Release;
		};
		3F67BE821D330F6300BCDED5 /* Debug */ = {
			isa = XCBuildConfiguration;
			buildSettings = {
				ASSETCATALOG_COMPILER_APPICON_NAME = AppIcon;
				INFOPLIST_FILE = "On the Map/Info.plist";
				LD_RUNPATH_SEARCH_PATHS = "$(inherited) @executable_path/Frameworks";
				PRODUCT_BUNDLE_IDENTIFIER = "com.rodco.On-the-Map";
				PRODUCT_NAME = "$(TARGET_NAME)";
			};
			name = Debug;
		};
		3F67BE831D330F6300BCDED5 /* Release */ = {
			isa = XCBuildConfiguration;
			buildSettings = {
				ASSETCATALOG_COMPILER_APPICON_NAME = AppIcon;
				INFOPLIST_FILE = "On the Map/Info.plist";
				LD_RUNPATH_SEARCH_PATHS = "$(inherited) @executable_path/Frameworks";
				PRODUCT_BUNDLE_IDENTIFIER = "com.rodco.On-the-Map";
				PRODUCT_NAME = "$(TARGET_NAME)";
			};
			name = Release;
		};
/* End XCBuildConfiguration section */

/* Begin XCConfigurationList section */
		3F67BE6A1D330F6200BCDED5 /* Build configuration list for PBXProject "On the Map" */ = {
			isa = XCConfigurationList;
			buildConfigurations = (
				3F67BE7F1D330F6300BCDED5 /* Debug */,
				3F67BE801D330F6300BCDED5 /* Release */,
			);
			defaultConfigurationIsVisible = 0;
			defaultConfigurationName = Release;
		};
		3F67BE811D330F6300BCDED5 /* Build configuration list for PBXNativeTarget "On the Map" */ = {
			isa = XCConfigurationList;
			buildConfigurations = (
				3F67BE821D330F6300BCDED5 /* Debug */,
				3F67BE831D330F6300BCDED5 /* Release */,
			);
			defaultConfigurationIsVisible = 0;
			defaultConfigurationName = Release;
		};
/* End XCConfigurationList section */
	};
	rootObject = 3F67BE671D330F6200BCDED5 /* Project object */;
}
